{
  "name": "03-bases-node",
  "version": "2.0.0",
  "lockfileVersion": 2,
  "requires": true,
  "packages": {
    "": {
      "version": "2.0.0",
      "license": "ISC",
      "dependencies": {
        "yars": "^1.2.0"
      }
    },
    "node_modules/lodash.has": {
      "version": "4.5.2",
      "resolved": "https://registry.npmjs.org/lodash.has/-/lodash.has-4.5.2.tgz",
      "integrity": "sha1-0Z9NwQlQWMzL4rDN9O4P5Ko3yGI="
    },
    "node_modules/yars": {
      "version": "1.2.0",
      "resolved": "https://registry.npmjs.org/yars/-/yars-1.2.0.tgz",
      "integrity": "sha512-FTPIENn+v8TWVD5BOtMeHgV1WKLcTgMc23a4uWI1W5uk/CpIkEPv1sqoII56no6s8PTWe/O7BrE4je0QVQLCyA==",
      "dependencies": {
        "lodash.has": "^4.5.2"
      },
      "engines": {
        "node": ">=8.5.0"
      }
    }
  },
  "dependencies": {
    "lodash.has": {
      "version": "4.5.2",
      "resolved": "https://registry.npmjs.org/lodash.has/-/lodash.has-4.5.2.tgz",
      "integrity": "sha1-0Z9NwQlQWMzL4rDN9O4P5Ko3yGI="
    },
    "yars": {
      "version": "1.2.0",
      "resolved": "https://registry.npmjs.org/yars/-/yars-1.2.0.tgz",
      "integrity": "sha512-FTPIENn+v8TWVD5BOtMeHgV1WKLcTgMc23a4uWI1W5uk/CpIkEPv1sqoII56no6s8PTWe/O7BrE4je0QVQLCyA==",
      "requires": {
        "lodash.has": "^4.5.2"
      }
    }
  }
}
